
Microsoft Visual Studio Solution File, Format Version 12.00
# Visual Studio Version 17
VisualStudioVersion = 17.0.31903.59
MinimumVisualStudioVersion = 10.0.40219.1
Project("{2150E333-8FDC-42A3-9474-1A3956D46DE8}") = "src", "src", "{2D3C287A-9B98-42E4-B755-15E270E94938}"
EndProject
Project("{FAE04EC0-301F-11D3-BF4B-00C04F79EFBC}") = "FreeFlow.Core", "src\FreeFlow.Core\FreeFlow.Core.csproj", "{CEEDAD90-AB8F-494E-A80C-2DA35226E9F8}"
EndProject
Project("{FAE04EC0-301F-11D3-BF4B-00C04F79EFBC}") = "FreeFlow.Infrastructure", "src\FreeFlow.Infrastructure\FreeFlow.Infrastructure.csproj", "{1C6C1F99-B699-4715-A265-010A60A990DE}"
EndProject
Project("{2150E333-8FDC-42A3-9474-1A3956D46DE8}") = "tests", "tests", "{C3F6E337-4939-4CA5-864D-96266CFF106F}"
EndProject
Project("{FAE04EC0-301F-11D3-BF4B-00C04F79EFBC}") = "FreeFlow.TestKit", "tests\FreeFlow.TestKit\FreeFlow.TestKit.csproj", "{7E2E624B-AB83-46AB-B288-693C5C53B9BD}"
EndProject
Project("{FAE04EC0-301F-11D3-BF4B-00C04F79EFBC}") = "FreeFlow.Core.Tests", "tests\FreeFlow.Core.Tests\FreeFlow.Core.Tests.csproj", "{D78D471A-A973-4125-82F6-1738624E0A88}"
EndProject
Project("{FAE04EC0-301F-11D3-BF4B-00C04F79EFBC}") = "FreeFlow.Pipeline.Tests", "tests\FreeFlow.Pipeline.Tests\FreeFlow.Pipeline.Tests.csproj", "{124944CC-91DA-4E1C-8D2A-C43ED57C2CBA}"
EndProject
Project("{FAE04EC0-301F-11D3-BF4B-00C04F79EFBC}") = "FreeFlow.Platform", "src\FreeFlow.Platform\FreeFlow.Platform.csproj", "{459E4F08-DB12-4BBA-90E4-77D7487B38D4}"
EndProject
Project("{FAE04EC0-301F-11D3-BF4B-00C04F79EFBC}") = "FreeFlow.App", "src\FreeFlow.App\FreeFlow.App.csproj", "{EE771022-B21B-4AAC-8916-23212E7157ED}"
EndProject
Global
	GlobalSection(SolutionConfigurationPlatforms) = preSolution
		Debug|Any CPU = Debug|Any CPU
		Release|Any CPU = Release|Any CPU
	EndGlobalSection
	GlobalSection(SolutionProperties) = preSolution
		HideSolutionNode = FALSE
	EndGlobalSection
	GlobalSection(ProjectConfigurationPlatforms) = postSolution
		{CEEDAD90-AB8F-494E-A80C-2DA35226E9F8}.Debug|Any CPU.ActiveCfg = Debug|Any CPU
		{CEEDAD90-AB8F-494E-A80C-2DA35226E9F8}.Debug|Any CPU.Build.0 = Debug|Any CPU
		{CEEDAD90-AB8F-494E-A80C-2DA35226E9F8}.Release|Any CPU.ActiveCfg = Release|Any CPU
		{CEEDAD90-AB8F-494E-A80C-2DA35226E9F8}.Release|Any CPU.Build.0 = Release|Any CPU
		{1C6C1F99-B699-4715-A265-010A60A990DE}.Debug|Any CPU.ActiveCfg = Debug|Any CPU
		{1C6C1F99-B699-4715-A265-010A60A990DE}.Debug|Any CPU.Build.0 = Debug|Any CPU
		{1C6C1F99-B699-4715-A265-010A60A990DE}.Release|Any CPU.ActiveCfg = Release|Any CPU
		{1C6C1F99-B699-4715-A265-010A60A990DE}.Release|Any CPU.Build.0 = Release|Any CPU
		{7E2E624B-AB83-46AB-B288-693C5C53B9BD}.Debug|Any CPU.ActiveCfg = Debug|Any CPU
		{7E2E624B-AB83-46AB-B288-693C5C53B9BD}.Debug|Any CPU.Build.0 = Debug|Any CPU
		{7E2E624B-AB83-46AB-B288-693C5C53B9BD}.Release|Any CPU.ActiveCfg = Release|Any CPU
		{7E2E624B-AB83-46AB-B288-693C5C53B9BD}.Release|Any CPU.Build.0 = Release|Any CPU
		{D78D471A-A973-4125-82F6-1738624E0A88}.Debug|Any CPU.ActiveCfg = Debug|Any CPU
		{D78D471A-A973-4125-82F6-1738624E0A88}.Debug|Any CPU.Build.0 = Debug|Any CPU
		{D78D471A-A973-4125-82F6-1738624E0A88}.Release|Any CPU.ActiveCfg = Release|Any CPU
		{D78D471A-A973-4125-82F6-1738624E0A88}.Release|Any CPU.Build.0 = Release|Any CPU
		{124944CC-91DA-4E1C-8D2A-C43ED57C2CBA}.Debug|Any CPU.ActiveCfg = Debug|Any CPU
		{124944CC-91DA-4E1C-8D2A-C43ED57C2CBA}.Debug|Any CPU.Build.0 = Debug|Any CPU
		{124944CC-91DA-4E1C-8D2A-C43ED57C2CBA}.Release|Any CPU.ActiveCfg = Release|Any CPU
		{124944CC-91DA-4E1C-8D2A-C43ED57C2CBA}.Release|Any CPU.Build.0 = Release|Any CPU
		{459E4F08-DB12-4BBA-90E4-77D7487B38D4}.Debug|Any CPU.ActiveCfg = Debug|Any CPU
		{459E4F08-DB12-4BBA-90E4-77D7487B38D4}.Debug|Any CPU.Build.0 = Debug|Any CPU
		{459E4F08-DB12-4BBA-90E4-77D7487B38D4}.Release|Any CPU.ActiveCfg = Release|Any CPU
		{459E4F08-DB12-4BBA-90E4-77D7487B38D4}.Release|Any CPU.Build.0 = Release|Any CPU
		{EE771022-B21B-4AAC-8916-23212E7157ED}.Debug|Any CPU.ActiveCfg = Debug|x86
		{EE771022-B21B-4AAC-8916-23212E7157ED}.Debug|Any CPU.Build.0 = Debug|x86
		{EE771022-B21B-4AAC-8916-23212E7157ED}.Release|Any CPU.ActiveCfg = Release|x86
		{EE771022-B21B-4AAC-8916-23212E7157ED}.Release|Any CPU.Build.0 = Release|x86
	EndGlobalSection
	GlobalSection(NestedProjects) = preSolution
		{CEEDAD90-AB8F-494E-A80C-2DA35226E9F8} = {2D3C287A-9B98-42E4-B755-15E270E94938}
		{1C6C1F99-B699-4715-A265-010A60A990DE} = {2D3C287A-9B98-42E4-B755-15E270E94938}
		{7E2E624B-AB83-46AB-B288-693C5C53B9BD} = {C3F6E337-4939-4CA5-864D-96266CFF106F}
		{D78D471A-A973-4125-82F6-1738624E0A88} = {C3F6E337-4939-4CA5-864D-96266CFF106F}
		{124944CC-91DA-4E1C-8D2A-C43ED57C2CBA} = {C3F6E337-4939-4CA5-864D-96266CFF106F}
		{459E4F08-DB12-4BBA-90E4-77D7487B38D4} = {2D3C287A-9B98-42E4-B755-15E270E94938}
		{EE771022-B21B-4AAC-8916-23212E7157ED} = {2D3C287A-9B98-42E4-B755-15E270E94938}
	EndGlobalSection
EndGlobal
